{
  "name": "windows",
  "version": "1.0.0",
  "lockfileVersion": 3,
  "requires": true,
  "packages": {
    "": {
      "name": "windows",
      "version": "1.0.0",
      "license": "ISC",
      "dependencies": {
        "koffi": "^2.9.1"
      }
    },
    "node_modules/koffi": {
      "version": "2.9.1",
      "resolved": "https://registry.npmjs.org/koffi/-/koffi-2.9.1.tgz",
      "integrity": "sha512-LXYOzaiUB8XK7EwbG0tgzhajEr3FLS2RB9oHYbTOiWRQQO+Rgft3xSvd5TFlM3wQ6DMMQG41lvUR5gLgdyWIsA==",
      "hasInstallScript": true
    }
  }
}
